
Microsoft Visual Studio Solution File, Format Version 12.00
# Visual Studio Version 17
VisualStudioVersion = 17.0.31903.59
MinimumVisualStudioVersion = 10.0.40219.1
Project("{2150E333-8FDC-42A3-9474-1A3956D46DE8}") = "src", "src", "{827E0CD3-B72D-47B6-A68D-7590B98EB39B}"
EndProject
Project("{FAE04EC0-301F-11D3-BF4B-00C04F79EFBC}") = "PokedexGen1.Api", "src\PokedexGen1.Api\PokedexGen1.Api.csproj", "{7DEFEF72-2B73-499E-ADB6-D38F5F483CDC}"
EndProject
Project("{FAE04EC0-301F-11D3-BF4B-00C04F79EFBC}") = "Pokedex.Application", "src\Pokedex.Application\Pokedex.Application.csproj", "{3BCA2038-005B-42B8-AB58-F8B4FE702034}"
EndProject
Project("{FAE04EC0-301F-11D3-BF4B-00C04F79EFBC}") = "Pokedex.DataAccess", "src\Pokedex.DataAccess\Pokedex.DataAccess.csproj", "{AAC7B496-BC0D-4B28-A8CA-D45F02526F0D}"
EndProject
Project("{FAE04EC0-301F-11D3-BF4B-00C04F79EFBC}") = "Pokedex.Domain", "src\Pokedex.Domain\Pokedex.Domain.csproj", "{19BC8708-ECD7-46CF-8D58-AC612112370B}"
EndProject
Project("{FAE04EC0-301F-11D3-BF4B-00C04F79EFBC}") = "Pokedex.Infrastructure", "src\Pokedex.Infrastructure\Pokedex.Infrastructure.csproj", "{C5AB3F4F-DE32-404E-9F9B-F704C4D80FF2}"
EndProject
Global
	GlobalSection(SolutionConfigurationPlatforms) = preSolution
		Debug|Any CPU = Debug|Any CPU
		Debug|x64 = Debug|x64
		Debug|x86 = Debug|x86
		Release|Any CPU = Release|Any CPU
		Release|x64 = Release|x64
		Release|x86 = Release|x86
	EndGlobalSection
	GlobalSection(ProjectConfigurationPlatforms) = postSolution
		{7DEFEF72-2B73-499E-ADB6-D38F5F483CDC}.Debug|Any CPU.ActiveCfg = Debug|Any CPU
		{7DEFEF72-2B73-499E-ADB6-D38F5F483CDC}.Debug|Any CPU.Build.0 = Debug|Any CPU
		{7DEFEF72-2B73-499E-ADB6-D38F5F483CDC}.Debug|x64.ActiveCfg = Debug|Any CPU
		{7DEFEF72-2B73-499E-ADB6-D38F5F483CDC}.Debug|x64.Build.0 = Debug|Any CPU
		{7DEFEF72-2B73-499E-ADB6-D38F5F483CDC}.Debug|x86.ActiveCfg = Debug|Any CPU
		{7DEFEF72-2B73-499E-ADB6-D38F5F483CDC}.Debug|x86.Build.0 = Debug|Any CPU
		{7DEFEF72-2B73-499E-ADB6-D38F5F483CDC}.Release|Any CPU.ActiveCfg = Release|Any CPU
		{7DEFEF72-2B73-499E-ADB6-D38F5F483CDC}.Release|Any CPU.Build.0 = Release|Any CPU
		{7DEFEF72-2B73-499E-ADB6-D38F5F483CDC}.Release|x64.ActiveCfg = Release|Any CPU
		{7DEFEF72-2B73-499E-ADB6-D38F5F483CDC}.Release|x64.Build.0 = Release|Any CPU
		{7DEFEF72-2B73-499E-ADB6-D38F5F483CDC}.Release|x86.ActiveCfg = Release|Any CPU
		{7DEFEF72-2B73-499E-ADB6-D38F5F483CDC}.Release|x86.Build.0 = Release|Any CPU
		{3BCA2038-005B-42B8-AB58-F8B4FE702034}.Debug|Any CPU.ActiveCfg = Debug|Any CPU
		{3BCA2038-005B-42B8-AB58-F8B4FE702034}.Debug|Any CPU.Build.0 = Debug|Any CPU
		{3BCA2038-005B-42B8-AB58-F8B4FE702034}.Debug|x64.ActiveCfg = Debug|Any CPU
		{3BCA2038-005B-42B8-AB58-F8B4FE702034}.Debug|x64.Build.0 = Debug|Any CPU
		{3BCA2038-005B-42B8-AB58-F8B4FE702034}.Debug|x86.ActiveCfg = Debug|Any CPU
		{3BCA2038-005B-42B8-AB58-F8B4FE702034}.Debug|x86.Build.0 = Debug|Any CPU
		{3BCA2038-005B-42B8-AB58-F8B4FE702034}.Release|Any CPU.ActiveCfg = Release|Any CPU
		{3BCA2038-005B-42B8-AB58-F8B4FE702034}.Release|Any CPU.Build.0 = Release|Any CPU
		{3BCA2038-005B-42B8-AB58-F8B4FE702034}.Release|x64.ActiveCfg = Release|Any CPU
		{3BCA2038-005B-42B8-AB58-F8B4FE702034}.Release|x64.Build.0 = Release|Any CPU
		{3BCA2038-005B-42B8-AB58-F8B4FE702034}.Release|x86.ActiveCfg = Release|Any CPU
		{3BCA2038-005B-42B8-AB58-F8B4FE702034}.Release|x86.Build.0 = Release|Any CPU
		{AAC7B496-BC0D-4B28-A8CA-D45F02526F0D}.Debug|Any CPU.ActiveCfg = Debug|Any CPU
		{AAC7B496-BC0D-4B28-A8CA-D45F02526F0D}.Debug|Any CPU.Build.0 = Debug|Any CPU
		{AAC7B496-BC0D-4B28-A8CA-D45F02526F0D}.Debug|x64.ActiveCfg = Debug|Any CPU
		{AAC7B496-BC0D-4B28-A8CA-D45F02526F0D}.Debug|x64.Build.0 = Debug|Any CPU
		{AAC7B496-BC0D-4B28-A8CA-D45F02526F0D}.Debug|x86.ActiveCfg = Debug|Any CPU
		{AAC7B496-BC0D-4B28-A8CA-D45F02526F0D}.Debug|x86.Build.0 = Debug|Any CPU
		{AAC7B496-BC0D-4B28-A8CA-D45F02526F0D}.Release|Any CPU.ActiveCfg = Release|Any CPU
		{AAC7B496-BC0D-4B28-A8CA-D45F02526F0D}.Release|Any CPU.Build.0 = Release|Any CPU
		{AAC7B496-BC0D-4B28-A8CA-D45F02526F0D}.Release|x64.ActiveCfg = Release|Any CPU
		{AAC7B496-BC0D-4B28-A8CA-D45F02526F0D}.Release|x64.Build.0 = Release|Any CPU
		{AAC7B496-BC0D-4B28-A8CA-D45F02526F0D}.Release|x86.ActiveCfg = Release|Any CPU
		{AAC7B496-BC0D-4B28-A8CA-D45F02526F0D}.Release|x86.Build.0 = Release|Any CPU
		{19BC8708-ECD7-46CF-8D58-AC612112370B}.Debug|Any CPU.ActiveCfg = Debug|Any CPU
		{19BC8708-ECD7-46CF-8D58-AC612112370B}.Debug|Any CPU.Build.0 = Debug|Any CPU
		{19BC8708-ECD7-46CF-8D58-AC612112370B}.Debug|x64.ActiveCfg = Debug|Any CPU
		{19BC8708-ECD7-46CF-8D58-AC612112370B}.Debug|x64.Build.0 = Debug|Any CPU
		{19BC8708-ECD7-46CF-8D58-AC612112370B}.Debug|x86.ActiveCfg = Debug|Any CPU
		{19BC8708-ECD7-46CF-8D58-AC612112370B}.Debug|x86.Build.0 = Debug|Any CPU
		{19BC8708-ECD7-46CF-8D58-AC612112370B}.Release|Any CPU.ActiveCfg = Release|Any CPU
		{19BC8708-ECD7-46CF-8D58-AC612112370B}.Release|Any CPU.Build.0 = Release|Any CPU
		{19BC8708-ECD7-46CF-8D58-AC612112370B}.Release|x64.ActiveCfg = Release|Any CPU
		{19BC8708-ECD7-46CF-8D58-AC612112370B}.Release|x64.Build.0 = Release|Any CPU
		{19BC8708-ECD7-46CF-8D58-AC612112370B}.Release|x86.ActiveCfg = Release|Any CPU
		{19BC8708-ECD7-46CF-8D58-AC612112370B}.Release|x86.Build.0 = Release|Any CPU
		{C5AB3F4F-DE32-404E-9F9B-F704C4D80FF2}.Debug|Any CPU.ActiveCfg = Debug|Any CPU
		{C5AB3F4F-DE32-404E-9F9B-F704C4D80FF2}.Debug|Any CPU.Build.0 = Debug|Any CPU
		{C5AB3F4F-DE32-404E-9F9B-F704C4D80FF2}.Debug|x64.ActiveCfg = Debug|Any CPU
		{C5AB3F4F-DE32-404E-9F9B-F704C4D80FF2}.Debug|x64.Build.0 = Debug|Any CPU
		{C5AB3F4F-DE32-404E-9F9B-F704C4D80FF2}.Debug|x86.ActiveCfg = Debug|Any CPU
		{C5AB3F4F-DE32-404E-9F9B-F704C4D80FF2}.Debug|x86.Build.0 = Debug|Any CPU
		{C5AB3F4F-DE32-404E-9F9B-F704C4D80FF2}.Release|Any CPU.ActiveCfg = Release|Any CPU
		{C5AB3F4F-DE32-404E-9F9B-F704C4D80FF2}.Release|Any CPU.Build.0 = Release|Any CPU
		{C5AB3F4F-DE32-404E-9F9B-F704C4D80FF2}.Release|x64.ActiveCfg = Release|Any CPU
		{C5AB3F4F-DE32-404E-9F9B-F704C4D80FF2}.Release|x64.Build.0 = Release|Any CPU
		{C5AB3F4F-DE32-404E-9F9B-F704C4D80FF2}.Release|x86.ActiveCfg = Release|Any CPU
		{C5AB3F4F-DE32-404E-9F9B-F704C4D80FF2}.Release|x86.Build.0 = Release|Any CPU
	EndGlobalSection
	GlobalSection(SolutionProperties) = preSolution
		HideSolutionNode = FALSE
	EndGlobalSection
	GlobalSection(NestedProjects) = preSolution
		{7DEFEF72-2B73-499E-ADB6-D38F5F483CDC} = {827E0CD3-B72D-47B6-A68D-7590B98EB39B}
		{3BCA2038-005B-42B8-AB58-F8B4FE702034} = {827E0CD3-B72D-47B6-A68D-7590B98EB39B}
		{AAC7B496-BC0D-4B28-A8CA-D45F02526F0D} = {827E0CD3-B72D-47B6-A68D-7590B98EB39B}
		{19BC8708-ECD7-46CF-8D58-AC612112370B} = {827E0CD3-B72D-47B6-A68D-7590B98EB39B}
		{C5AB3F4F-DE32-404E-9F9B-F704C4D80FF2} = {827E0CD3-B72D-47B6-A68D-7590B98EB39B}
	EndGlobalSection
EndGlobal
